# generated by rye
# use `rye lock` or `rye sync` to update this lockfile
#
# last locked with the following flags:
#   pre: false
#   features: []
#   all-features: false
#   with-sources: false
#   generate-hashes: false
#   universal: false

annotated-types==0.7.0
    # via pydantic
anyio==4.4.0
    # via httpx
    # via openai
    # via sse-starlette
    # via starlette
bcrypt==4.0.1
    # via passlib
beautifulsoup4==4.12.3
    # via bs4
bs4==0.0.2
certifi==2024.7.4
    # via httpcore
    # via httpx
    # via requests
charset-normalizer==3.3.2
    # via requests
click==8.1.7
    # via uvicorn
distro==1.9.0
    # via openai
ecdsa==0.19.0
    # via python-jose
fastapi-slim==0.111.1
h11==0.14.0
    # via httpcore
    # via uvicorn
h2==4.1.0
    # via httpx
hpack==4.0.0
    # via h2
httpcore==1.0.5
    # via httpx
httpx==0.27.0
    # via openai
hyperframe==6.0.1
    # via h2
idna==3.7
    # via anyio
    # via httpx
    # via requests
lxml==5.2.2
openai==1.37.0
packaging==24.1
    # via qbittorrent-api
passlib==1.7.4
pyasn1==0.6.0
    # via python-jose
    # via rsa
pydantic==2.8.2
    # via fastapi-slim
    # via openai
    # via sqlmodel
pydantic-core==2.20.1
    # via pydantic
python-dotenv==1.0.1
python-jose==3.3.0
python-multipart==0.0.9
qbittorrent-api==2024.7.64
requests==2.32.3
    # via qbittorrent-api
rsa==4.9
    # via python-jose
semver==3.0.2
six==1.16.0
    # via ecdsa
sniffio==1.3.1
    # via anyio
    # via httpx
    # via openai
socksio==1.0.0
    # via httpx
soupsieve==2.5
    # via beautifulsoup4
sqlalchemy==2.0.31
    # via sqlmodel
sqlmodel==0.0.21
sse-starlette==2.1.2
starlette==0.37.2
    # via fastapi-slim
    # via sse-starlette
torrentool==1.2.0
tqdm==4.66.4
    # via openai
typing-extensions==4.12.2
    # via fastapi-slim
    # via openai
    # via pydantic
    # via pydantic-core
    # via sqlalchemy
urllib3==2.2.2
    # via qbittorrent-api
    # via requests
uvicorn==0.30.3
    # via sse-starlette
